// !$*UTF8*$!
{
	archiveVersion = 1;
	classes = {
	};
	objectVersion = 50;
	objects = {

/* Begin PBXBuildFile section */
		19CA905323AC6454006DAED3 /* AppDelegate.swift in Sources */ = {isa = PBXBuildFile; fileRef = 19CA905223AC6454006DAED3 /* AppDelegate.swift */; };
		19CA905523AC6454006DAED3 /* SceneDelegate.swift in Sources */ = {isa = PBXBuildFile; fileRef = 19CA905423AC6454006DAED3 /* SceneDelegate.swift */; };
		19CA905723AC6454006DAED3 /* ContentView.swift in Sources */ = {isa = PBXBuildFile; fileRef = 19CA905623AC6454006DAED3 /* ContentView.swift */; };
		19CA905923AC6457006DAED3 /* Assets.xcassets in Resources */ = {isa = PBXBuildFile; fileRef = 19CA905823AC6457006DAED3 /* Assets.xcassets */; };
		19CA905C23AC6457006DAED3 /* Preview Assets.xcassets in Resources */ = {isa = PBXBuildFile; fileRef = 19CA905B23AC6457006DAED3 /* Preview Assets.xcassets */; };
		19CA905F23AC6457006DAED3 /* LaunchScreen.storyboard in Resources */ = {isa = PBXBuildFile; fileRef = 19CA905D23AC6457006DAED3 /* LaunchScreen.storyboard */; };
		19CA906823AC6AFF006DAED3 /* NetworkManager.swift in Sources */ = {isa = PBXBuildFile; fileRef = 19CA906723AC6AFF006DAED3 /* NetworkManager.swift */; };
		19CA906A23AC7341006DAED3 /* PostData.swift in Sources */ = {isa = PBXBuildFile; fileRef = 19CA906923AC7341006DAED3 /* PostData.swift */; };
		19CA906D23ADBFC7006DAED3 /*  detailView.swift in Sources */ = {isa = PBXBuildFile; fileRef = 19CA906C23ADBFC7006DAED3 /*  detailView.swift */; };
		19CA906F23ADCC7D006DAED3 /* WebView.swift in Sources */ = {isa = PBXBuildFile; fileRef = 19CA906E23ADCC7D006DAED3 /* WebView.swift */; };
/* End PBXBuildFile section */

/* Begin PBXFileReference section */
		19CA904F23AC6454006DAED3 /* NewsApp.app */ = {isa = PBXFileReference; explicitFileType = wrapper.application; includeInIndex = 0; path = NewsApp.app; sourceTree = BUILT_PRODUCTS_DIR; };
		19CA905223AC6454006DAED3 /* AppDelegate.swift */ = {isa = PBXFileReference; lastKnownFileType = sourcecode.swift; path = AppDelegate.swift; sourceTree = "<group>"; };
		19CA905423AC6454006DAED3 /* SceneDelegate.swift */ = {isa = PBXFileReference; lastKnownFileType = sourcecode.swift; path = SceneDelegate.swift; sourceTree = "<group>"; };
		19CA905623AC6454006DAED3 /* ContentView.swift */ = {isa = PBXFileReference; lastKnownFileType = sourcecode.swift; path = ContentView.swift; sourceTree = "<group>"; };
		19CA905823AC6457006DAED3 /* Assets.xcassets */ = {isa = PBXFileReference; lastKnownFileType = folder.assetcatalog; path = Assets.xcassets; sourceTree = "<group>"; };
		19CA905B23AC6457006DAED3 /* Preview Assets.xcassets */ = {isa = PBXFileReference; lastKnownFileType = folder.assetcatalog; path = "Preview Assets.xcassets"; sourceTree = "<group>"; };
		19CA905E23AC6457006DAED3 /* Base */ = {isa = PBXFileReference; lastKnownFileType = file.storyboard; name = Base; path = Base.lproj/LaunchScreen.storyboard; sourceTree = "<group>"; };
		19CA906023AC6457006DAED3 /* Info.plist */ = {isa = PBXFileReference; lastKnownFileType = text.plist.xml; path = Info.plist; sourceTree = "<group>"; };
		19CA906723AC6AFF006DAED3 /* NetworkManager.swift */ = {isa = PBXFileReference; lastKnownFileType = sourcecode.swift; path = NetworkManager.swift; sourceTree = "<group>"; };
		19CA906923AC7341006DAED3 /* PostData.swift */ = {isa = PBXFileReference; lastKnownFileType = sourcecode.swift; path = PostData.swift; sourceTree = "<group>"; };
		19CA906C23ADBFC7006DAED3 /*  detailView.swift */ = {isa = PBXFileReference; lastKnownFileType = sourcecode.swift; path = " detailView.swift"; sourceTree = "<group>"; };
		19CA906E23ADCC7D006DAED3 /* WebView.swift */ = {isa = PBXFileReference; lastKnownFileType = sourcecode.swift; path = WebView.swift; sourceTree = "<group>"; };
/* End PBXFileReference section */

/* Begin PBXFrameworksBuildPhase section */
		19CA904C23AC6454006DAED3 /* Frameworks */ = {
			isa = PBXFrameworksBuildPhase;
			buildActionMask = 2147483647;
			files = (
			);
			runOnlyForDeploymentPostprocessing = 0;
		};
/* End PBXFrameworksBuildPhase section */

/* Begin PBXGroup section */
		19CA904623AC6454006DAED3 = {
			isa = PBXGroup;
			children = (
				19CA905123AC6454006DAED3 /* NewsApp */,
				19CA905023AC6454006DAED3 /* Products */,
			);
			sourceTree = "<group>";
		};
		19CA905023AC6454006DAED3 /* Products */ = {
			isa = PBXGroup;
			children = (
				19CA904F23AC6454006DAED3 /* NewsApp.app */,
			);
			name = Products;
			sourceTree = "<group>";
		};
		19CA905123AC6454006DAED3 /* NewsApp */ = {
			isa = PBXGroup;
			children = (
				19CA905223AC6454006DAED3 /* AppDelegate.swift */,
				19CA905423AC6454006DAED3 /* SceneDelegate.swift */,
				19CA906B23ADBFAA006DAED3 /* Views */,
				19CA905823AC6457006DAED3 /* Assets.xcassets */,
				19CA906623AC6ADF006DAED3 /* Models  */,
				19CA905D23AC6457006DAED3 /* LaunchScreen.storyboard */,
				19CA906023AC6457006DAED3 /* Info.plist */,
				19CA905A23AC6457006DAED3 /* Preview Content */,
			);
			path = NewsApp;
			sourceTree = "<group>";
		};
		19CA905A23AC6457006DAED3 /* Preview Content */ = {
			isa = PBXGroup;
			children = (
				19CA905B23AC6457006DAED3 /* Preview Assets.xcassets */,
			);
			path = "Preview Content";
			sourceTree = "<group>";
		};
		19CA906623AC6ADF006DAED3 /* Models  */ = {
			isa = PBXGroup;
			children = (
				19CA906723AC6AFF006DAED3 /* NetworkManager.swift */,
				19CA906923AC7341006DAED3 /* PostData.swift */,
			);
			path = "Models ";
			sourceTree = "<group>";
		};
		19CA906B23ADBFAA006DAED3 /* Views */ = {
			isa = PBXGroup;
			children = (
				19CA905623AC6454006DAED3 /* ContentView.swift */,
				19CA906C23ADBFC7006DAED3 /*  detailView.swift */,
				19CA906E23ADCC7D006DAED3 /* WebView.swift */,
			);
			path = Views;
			sourceTree = "<group>";
		};
/* End PBXGroup section */

/* Begin PBXNativeTarget section */
		19CA904E23AC6454006DAED3 /* NewsApp */ = {
			isa = PBXNativeTarget;
			buildConfigurationList = 19CA906323AC6457006DAED3 /* Build configuration list for PBXNativeTarget "NewsApp" */;
			buildPhases = (
				19CA904B23AC6454006DAED3 /* Sources */,
				19CA904C23AC6454006DAED3 /* Frameworks */,
				19CA904D23AC6454006DAED3 /* Resources */,
			);
			buildRules = (
			);
			dependencies = (
			);
			name = NewsApp;
			productName = NewsApp;
			productReference = 19CA904F23AC6454006DAED3 /* NewsApp.app */;
			productType = "com.apple.product-type.application";
		};
/* End PBXNativeTarget section */

/* Begin PBXProject section */
		19CA904723AC6454006DAED3 /* Project object */ = {
			isa = PBXProject;
			attributes = {
				LastSwiftUpdateCheck = 1130;
				LastUpgradeCheck = 1130;
				ORGANIZATIONNAME = "saad  aldawsari";
				TargetAttributes = {
					19CA904E23AC6454006DAED3 = {
						CreatedOnToolsVersion = 11.3;
					};
				};
			};
			buildConfigurationList = 19CA904A23AC6454006DAED3 /* Build configuration list for PBXProject "NewsApp" */;
			compatibilityVersion = "Xcode 9.3";
			developmentRegion = en;
			hasScannedForEncodings = 0;
			knownRegions = (
				en,
				Base,
			);
			mainGroup = 19CA904623AC6454006DAED3;
			productRefGroup = 19CA905023AC6454006DAED3 /* Products */;
			projectDirPath = "";
			projectRoot = "";
			targets = (
				19CA904E23AC6454006DAED3 /* NewsApp */,
			);
		};
/* End PBXProject section */

/* Begin PBXResourcesBuildPhase section */
		19CA904D23AC6454006DAED3 /* Resources */ = {
			isa = PBXResourcesBuildPhase;
			buildActionMask = 2147483647;
			files = (
				19CA905F23AC6457006DAED3 /* LaunchScreen.storyboard in Resources */,
				19CA905C23AC6457006DAED3 /* Preview Assets.xcassets in Resources */,
				19CA905923AC6457006DAED3 /* Assets.xcassets in Resources */,
			);
			runOnlyForDeploymentPostprocessing = 0;
		};
/* End PBXResourcesBuildPhase section */

/* Begin PBXSourcesBuildPhase section */
		19CA904B23AC6454006DAED3 /* Sources */ = {
			isa = PBXSourcesBuildPhase;
			buildActionMask = 2147483647;
			files = (
				19CA906D23ADBFC7006DAED3 /*  detailView.swift in Sources */,
				19CA906A23AC7341006DAED3 /* PostData.swift in Sources */,
				19CA906823AC6AFF006DAED3 /* NetworkManager.swift in Sources */,
				19CA905323AC6454006DAED3 /* AppDelegate.swift in Sources */,
				19CA905523AC6454006DAED3 /* SceneDelegate.swift in Sources */,
				19CA905723AC6454006DAED3 /* ContentView.swift in Sources */,
				19CA906F23ADCC7D006DAED3 /* WebView.swift in Sources */,
			);
			runOnlyForDeploymentPostprocessing = 0;
		};
/* End PBXSourcesBuildPhase section */

/* Begin PBXVariantGroup section */
		19CA905D23AC6457006DAED3 /* LaunchScreen.storyboard */ = {
			isa = PBXVariantGroup;
			children = (
				19CA905E23AC6457006DAED3 /* Base */,
			);
			name = LaunchScreen.storyboard;
			sourceTree = "<group>";
		};
/* End PBXVariantGroup section */

/* Begin XCBuildConfiguration section */
		19CA906123AC6457006DAED3 /* Debug */ = {
			isa = XCBuildConfiguration;
			buildSettings = {
				ALWAYS_SEARCH_USER_PATHS = NO;
				CLANG_ANALYZER_NONNULL = YES;
				CLANG_ANALYZER_NUMBER_OBJECT_CONVERSION = YES_AGGRESSIVE;
				CLANG_CXX_LANGUAGE_STANDARD = "gnu++14";
				CLANG_CXX_LIBRARY = "libc++";
				CLANG_ENABLE_MODULES = YES;
				CLANG_ENABLE_OBJC_ARC = YES;
				CLANG_ENABLE_OBJC_WEAK = YES;
				CLANG_WARN_BLOCK_CAPTURE_AUTORELEASING = YES;
				CLANG_WARN_BOOL_CONVERSION = YES;
				CLANG_WARN_COMMA = YES;
				CLANG_WARN_CONSTANT_CONVERSION = YES;
				CLANG_WARN_DEPRECATED_OBJC_IMPLEMENTATIONS = YES;
				CLANG_WARN_DIRECT_OBJC_ISA_USAGE = YES_ERROR;
				CLANG_WARN_DOCUMENTATION_COMMENTS = YES;
				CLANG_WARN_EMPTY_BODY = YES;
				CLANG_WARN_ENUM_CONVERSION = YES;
				CLANG_WARN_INFINITE_RECURSION = YES;
				CLANG_WARN_INT_CONVERSION = YES;
				CLANG_WARN_NON_LITERAL_NULL_CONVERSION = YES;
				CLANG_WARN_OBJC_IMPLICIT_RETAIN_SELF = YES;
				CLANG_WARN_OBJC_LITERAL_CONVERSION = YES;
				CLANG_WARN_OBJC_ROOT_CLASS = YES_ERROR;
				CLANG_WARN_RANGE_LOOP_ANALYSIS = YES;
				CLANG_WARN_STRICT_PROTOTYPES = YES;
				CLANG_WARN_SUSPICIOUS_MOVE = YES;
				CLANG_WARN_UNGUARDED_AVAILABILITY = YES_AGGRESSIVE;
				CLANG_WARN_UNREACHABLE_CODE = YES;
				CLANG_WARN__DUPLICATE_METHOD_MATCH = YES;
				COPY_PHASE_STRIP = NO;
				DEBUG_INFORMATION_FORMAT = dwarf;
				ENABLE_STRICT_OBJC_MSGSEND = YES;
				ENABLE_TESTABILITY = YES;
				GCC_C_LANGUAGE_STANDARD = gnu11;
				GCC_DYNAMIC_NO_PIC = NO;
				GCC_NO_COMMON_BLOCKS = YES;
				GCC_OPTIMIZATION_LEVEL = 0;
				GCC_PREPROCESSOR_DEFINITIONS = (
					"DEBUG=1",
					"$(inherited)",
				);
				GCC_WARN_64_TO_32_BIT_CONVERSION = YES;
				GCC_WARN_ABOUT_RETURN_TYPE = YES_ERROR;
				GCC_WARN_UNDECLARED_SELECTOR = YES;
				GCC_WARN_UNINITIALIZED_AUTOS = YES_AGGRESSIVE;
				GCC_WARN_UNUSED_FUNCTION = YES;
				GCC_WARN_UNUSED_VARIABLE = YES;
				IPHONEOS_DEPLOYMENT_TARGET = 13.2;
				MTL_ENABLE_DEBUG_INFO = INCLUDE_SOURCE;
				MTL_FAST_MATH = YES;
				ONLY_ACTIVE_ARCH = YES;
				SDKROOT = iphoneos;
				SWIFT_ACTIVE_COMPILATION_CONDITIONS = DEBUG;
				SWIFT_OPTIMIZATION_LEVEL = "-Onone";
			};
			name = Debug;
		};
		19CA906223AC6457006DAED3 /* Release */ = {
			isa = XCBuildConfiguration;
			buildSettings = {
				ALWAYS_SEARCH_USER_PATHS = NO;
				CLANG_ANALYZER_NONNULL = YES;
				CLANG_ANALYZER_NUMBER_OBJECT_CONVERSION = YES_AGGRESSIVE;
				CLANG_CXX_LANGUAGE_STANDARD = "gnu++14";
				CLANG_CXX_LIBRARY = "libc++";
				CLANG_ENABLE_MODULES = YES;
				CLANG_ENABLE_OBJC_ARC = YES;
				CLANG_ENABLE_OBJC_WEAK = YES;
				CLANG_WARN_BLOCK_CAPTURE_AUTORELEASING = YES;
				CLANG_WARN_BOOL_CONVERSION = YES;
				CLANG_WARN_COMMA = YES;
				CLANG_WARN_CONSTANT_CONVERSION = YES;
				CLANG_WARN_DEPRECATED_OBJC_IMPLEMENTATIONS = YES;
				CLANG_WARN_DIRECT_OBJC_ISA_USAGE = YES_ERROR;
				CLANG_WARN_DOCUMENTATION_COMMENTS = YES;
				CLANG_WARN_EMPTY_BODY = YES;
				CLANG_WARN_ENUM_CONVERSION = YES;
				CLANG_WARN_INFINITE_RECURSION = YES;
				CLANG_WARN_INT_CONVERSION = YES;
				CLANG_WARN_NON_LITERAL_NULL_CONVERSION = YES;
				CLANG_WARN_OBJC_IMPLICIT_RETAIN_SELF = YES;
				CLANG_WARN_OBJC_LITERAL_CONVERSION = YES;
				CLANG_WARN_OBJC_ROOT_CLASS = YES_ERROR;
				CLANG_WARN_RANGE_LOOP_ANALYSIS = YES;
				CLANG_WARN_STRICT_PROTOTYPES = YES;
				CLANG_WARN_SUSPICIOUS_MOVE = YES;
				CLANG_WARN_UNGUARDED_AVAILABILITY = YES_AGGRESSIVE;
				CLANG_WARN_UNREACHABLE_CODE = YES;
				CLANG_WARN__DUPLICATE_METHOD_MATCH = YES;
				COPY_PHASE_STRIP = NO;
				DEBUG_INFORMATION_FORMAT = "dwarf-with-dsym";
				ENABLE_NS_ASSERTIONS = NO;
				ENABLE_STRICT_OBJC_MSGSEND = YES;
				GCC_C_LANGUAGE_STANDARD = gnu11;
				GCC_NO_COMMON_BLOCKS = YES;
				GCC_WARN_64_TO_32_BIT_CONVERSION = YES;
				GCC_WARN_ABOUT_RETURN_TYPE = YES_ERROR;
				GCC_WARN_UNDECLARED_SELECTOR = YES;
				GCC_WARN_UNINITIALIZED_AUTOS = YES_AGGRESSIVE;
				GCC_WARN_UNUSED_FUNCTION = YES;
				GCC_WARN_UNUSED_VARIABLE = YES;
				IPHONEOS_DEPLOYMENT_TARGET = 13.2;
				MTL_ENABLE_DEBUG_INFO = NO;
				MTL_FAST_MATH = YES;
				SDKROOT = iphoneos;
				SWIFT_COMPILATION_MODE = wholemodule;
				SWIFT_OPTIMIZATION_LEVEL = "-O";
				VALIDATE_PRODUCT = YES;
			};
			name = Release;
		};
		19CA906423AC6457006DAED3 /* Debug */ = {
			isa = XCBuildConfiguration;
			buildSettings = {
				ASSETCATALOG_COMPILER_APPICON_NAME = AppIcon;
				CODE_SIGN_STYLE = Automatic;
				DEVELOPMENT_ASSET_PATHS = "\"NewsApp/Preview Content\"";
				DEVELOPMENT_TEAM = TDANZTH33Y;
				ENABLE_PREVIEWS = YES;
				INFOPLIST_FILE = NewsApp/Info.plist;
				LD_RUNPATH_SEARCH_PATHS = (
					"$(inherited)",
					"@executable_path/Frameworks",
				);
				PRODUCT_BUNDLE_IDENTIFIER = com.saadaldosary.NewsApp;
				PRODUCT_NAME = "$(TARGET_NAME)";
				SWIFT_VERSION = 5.0;
				TARGETED_DEVICE_FAMILY = "1,2";
			};
			name = Debug;
		};
		19CA906523AC6457006DAED3 /* Release */ = {
			isa = XCBuildConfiguration;
			buildSettings = {
				ASSETCATALOG_COMPILER_APPICON_NAME = AppIcon;
				CODE_SIGN_STYLE = Automatic;
				DEVELOPMENT_ASSET_PATHS = "\"NewsApp/Preview Content\"";
				DEVELOPMENT_TEAM = TDANZTH33Y;
				ENABLE_PREVIEWS = YES;
				INFOPLIST_FILE = NewsApp/Info.plist;
				LD_RUNPATH_SEARCH_PATHS = (
					"$(inherited)",
					"@executable_path/Frameworks",
				);
				PRODUCT_BUNDLE_IDENTIFIER = com.saadaldosary.NewsApp;
				PRODUCT_NAME = "$(TARGET_NAME)";
				SWIFT_VERSION = 5.0;
				TARGETED_DEVICE_FAMILY = "1,2";
			};
			name = Release;
		};
/* End XCBuildConfiguration section */

/* Begin XCConfigurationList section */
		19CA904A23AC6454006DAED3 /* Build configuration list for PBXProject "NewsApp" */ = {
			isa = XCConfigurationList;
			buildConfigurations = (
				19CA906123AC6457006DAED3 /* Debug */,
				19CA906223AC6457006DAED3 /* Release */,
			);
			defaultConfigurationIsVisible = 0;
			defaultConfigurationName = Release;
		};
		19CA906323AC6457006DAED3 /* Build configuration list for PBXNativeTarget "NewsApp" */ = {
			isa = XCConfigurationList;
			buildConfigurations = (
				19CA906423AC6457006DAED3 /* Debug */,
				19CA906523AC6457006DAED3 /* Release */,
			);
			defaultConfigurationIsVisible = 0;
			defaultConfigurationName = Release;
		};
/* End XCConfigurationList section */
	};
	rootObject = 19CA904723AC6454006DAED3 /* Project object */;
}
